
Microsoft Visual Studio Solution File, Format Version 12.00
# Visual Studio Version 17
VisualStudioVersion = 17.2.32519.379
MinimumVisualStudioVersion = 10.0.40219.1
Project("{FAE04EC0-301F-11D3-BF4B-00C04F79EFBC}") = "WeatherCollector", "WeatherCollector.csproj", "{814C93C1-86FD-4208-A602-D238A86CAED8}"
EndProject
Global
	GlobalSection(SolutionConfigurationPlatforms) = preSolution
		Debug|Any CPU = Debug|Any CPU
		Release|Any CPU = Release|Any CPU
	EndGlobalSection
	GlobalSection(ProjectConfigurationPlatforms) = postSolution
		{814C93C1-86FD-4208-A602-D238A86CAED8}.Debug|Any CPU.ActiveCfg = Debug|Any CPU
		{814C93C1-86FD-4208-A602-D238A86CAED8}.Debug|Any CPU.Build.0 = Debug|Any CPU
		{814C93C1-86FD-4208-A602-D238A86CAED8}.Release|Any CPU.ActiveCfg = Release|Any CPU
		{814C93C1-86FD-4208-A602-D238A86CAED8}.Release|Any CPU.Build.0 = Release|Any CPU
	EndGlobalSection
	GlobalSection(SolutionProperties) = preSolution
		HideSolutionNode = FALSE
	EndGlobalSection
	GlobalSection(ExtensibilityGlobals) = postSolution
		SolutionGuid = {9CEF83A5-1C74-475F-873C-E1C0E38952C6}
	EndGlobalSection
EndGlobal
